lockfileVersion: 5.4

specifiers:
  '@pureadmin/release': ^0.0.3

devDependencies:
  '@pureadmin/release': 0.0.3

packages:

  /@pureadmin/release/0.0.3:
    resolution: {integrity: sha512-0EcQCeMmIOLsY7Hq78NETvd+BdTkkvOvvPkzD5kdzqKTC/h6/haZm5rBW6RYqh/K5PgAJz7NT/JO7rZAVBbymg==}
    hasBin: true
    dev: true
